
Microsoft Visual Studio Solution File, Format Version 12.00
# Visual Studio Version 17
VisualStudioVersion = 17.14.36414.22
MinimumVisualStudioVersion = 10.0.40219.1
Project("{2150E333-8FDC-42A3-9474-1A3956D46DE8}") = "Task0", "Task0", "{02EA681E-C7D8-13C7-8484-4AC65E1B71E8}"
EndProject
Project("{FAE04EC0-301F-11D3-BF4B-00C04F79EFBC}") = "Tyuiu.RagozinaAD.Sprint4.Task0.V30", "Tyuiu.RagozinaAD.Sprint4.Task0.V30\Tyuiu.RagozinaAD.Sprint4.Task0.V30.csproj", "{DCED42F1-8890-4C37-9141-CBE5387EBC3A}"
EndProject
Project("{FAE04EC0-301F-11D3-BF4B-00C04F79EFBC}") = "Tyuiu.RagozinaAD.Sprint4.Task0.V30.Lib", "Tyuiu.RagozinaAD.Sprint4.Task0.V30.Lib\Tyuiu.RagozinaAD.Sprint4.Task0.V30.Lib.csproj", "{DFA6FDC1-F41E-49D3-B0CC-19D97E49BC31}"
EndProject
Project("{FAE04EC0-301F-11D3-BF4B-00C04F79EFBC}") = "Tyuiu.RagozinaAD.Sprint4.Task0.V30.Test", "Tyuiu.RagozinaAD.Sprint4.Task0.V30.Test\Tyuiu.RagozinaAD.Sprint4.Task0.V30.Test.csproj", "{F80E6F20-A480-4DFA-BEA3-9678A1ABE96E}"
EndProject
Project("{2150E333-8FDC-42A3-9474-1A3956D46DE8}") = "Task1", "Task1", "{2FADC771-A5F3-409F-B653-E17AD446BA97}"
EndProject
Project("{FAE04EC0-301F-11D3-BF4B-00C04F79EFBC}") = "Tyuiu.RagozinaAD.Sprint4.Task1.V13", "Tyuiu.RagozinaAD.Sprint4.Task1.V13\Tyuiu.RagozinaAD.Sprint4.Task1.V13.csproj", "{5CC6A9CE-AEA4-481F-A49F-0BCEF4269CD0}"
EndProject
Project("{FAE04EC0-301F-11D3-BF4B-00C04F79EFBC}") = "Tyuiu.RagozinaAD.Sprint4.Task1.V13.Lib", "Tyuiu.RagozinaAD.Sprint4.Task1.V13.Lib\Tyuiu.RagozinaAD.Sprint4.Task1.V13.Lib.csproj", "{EA1393A1-C339-4FAF-923E-24B6299E4AE7}"
EndProject
Project("{FAE04EC0-301F-11D3-BF4B-00C04F79EFBC}") = "Tyuiu.RagozinaAD.Sprint4.Task1.V13.Test", "Tyuiu.RagozinaAD.Sprint4.Task1.V13.Test\Tyuiu.RagozinaAD.Sprint4.Task1.V13.Test.csproj", "{FD484B1F-8026-4D5E-8109-58386A45E6BA}"
EndProject
Project("{2150E333-8FDC-42A3-9474-1A3956D46DE8}") = "Task2", "Task2", "{804C79AE-1F3C-4C69-BAE4-1A08AEC2949D}"
EndProject
Project("{FAE04EC0-301F-11D3-BF4B-00C04F79EFBC}") = "Tyuiu.RagozinaAD.Sprint4.Task2.V24", "Tyuiu.RagozinaAD.Sprint4.Task2.V24\Tyuiu.RagozinaAD.Sprint4.Task2.V24.csproj", "{352D67F1-44F1-47A1-8A44-1863D3768857}"
EndProject
Project("{FAE04EC0-301F-11D3-BF4B-00C04F79EFBC}") = "Tyuiu.RagozinaAD.Sprint4.Task2.V24.Lib", "Tyuiu.RagozinaAD.Sprint4.Task2.V24.Lib\Tyuiu.RagozinaAD.Sprint4.Task2.V24.Lib.csproj", "{69FBBE7F-E9CA-432D-92F1-6971B8BF175F}"
EndProject
Project("{FAE04EC0-301F-11D3-BF4B-00C04F79EFBC}") = "Tyuiu.RagozinaAD.Sprint4.Task2.V24.Test", "Tyuiu.RagozinaAD.Sprint4.Task2.V24.Test\Tyuiu.RagozinaAD.Sprint4.Task2.V24.Test.csproj", "{E673D050-C342-4A13-A0CC-035D0A949D35}"
EndProject
Project("{2150E333-8FDC-42A3-9474-1A3956D46DE8}") = "Task3", "Task3", "{AE3ADAF5-C69D-441F-B249-64AF0172BBAE}"
EndProject
Project("{FAE04EC0-301F-11D3-BF4B-00C04F79EFBC}") = "Tyuiu.RagozinaAD.Sprint4.Task3.V18", "Tyuiu.RagozinaAD.Sprint4.Task3.V18\Tyuiu.RagozinaAD.Sprint4.Task3.V18.csproj", "{75A5D929-E5BB-4145-925C-C9A6AC477C04}"
EndProject
Project("{FAE04EC0-301F-11D3-BF4B-00C04F79EFBC}") = "Tyuiu.RagozinaAD.Sprint4.Task3.V18.Lib", "Tyuiu.RagozinaAD.Sprint4.Task3.V18.Lib\Tyuiu.RagozinaAD.Sprint4.Task3.V18.Lib.csproj", "{89F52D43-3CD5-4D66-BDA0-DBA841E36F33}"
EndProject
Project("{FAE04EC0-301F-11D3-BF4B-00C04F79EFBC}") = "Tyuiu.RagozinaAD.Sprint4.Task3.V18.Test", "Tyuiu.RagozinaAD.Sprint4.Task3.V18.Test\Tyuiu.RagozinaAD.Sprint4.Task3.V18.Test.csproj", "{73CB2D98-FDB2-4278-BF2C-E3C98708AE34}"
EndProject
Global
	GlobalSection(SolutionConfigurationPlatforms) = preSolution
		Debug|Any CPU = Debug|Any CPU
		Release|Any CPU = Release|Any CPU
	EndGlobalSection
	GlobalSection(ProjectConfigurationPlatforms) = postSolution
		{DCED42F1-8890-4C37-9141-CBE5387EBC3A}.Debug|Any CPU.ActiveCfg = Debug|Any CPU
		{DCED42F1-8890-4C37-9141-CBE5387EBC3A}.Debug|Any CPU.Build.0 = Debug|Any CPU
		{DCED42F1-8890-4C37-9141-CBE5387EBC3A}.Release|Any CPU.ActiveCfg = Release|Any CPU
		{DCED42F1-8890-4C37-9141-CBE5387EBC3A}.Release|Any CPU.Build.0 = Release|Any CPU
		{DFA6FDC1-F41E-49D3-B0CC-19D97E49BC31}.Debug|Any CPU.ActiveCfg = Debug|Any CPU
		{DFA6FDC1-F41E-49D3-B0CC-19D97E49BC31}.Debug|Any CPU.Build.0 = Debug|Any CPU
		{DFA6FDC1-F41E-49D3-B0CC-19D97E49BC31}.Release|Any CPU.ActiveCfg = Release|Any CPU
		{DFA6FDC1-F41E-49D3-B0CC-19D97E49BC31}.Release|Any CPU.Build.0 = Release|Any CPU
		{F80E6F20-A480-4DFA-BEA3-9678A1ABE96E}.Debug|Any CPU.ActiveCfg = Debug|Any CPU
		{F80E6F20-A480-4DFA-BEA3-9678A1ABE96E}.Debug|Any CPU.Build.0 = Debug|Any CPU
		{F80E6F20-A480-4DFA-BEA3-9678A1ABE96E}.Release|Any CPU.ActiveCfg = Release|Any CPU
		{F80E6F20-A480-4DFA-BEA3-9678A1ABE96E}.Release|Any CPU.Build.0 = Release|Any CPU
		{5CC6A9CE-AEA4-481F-A49F-0BCEF4269CD0}.Debug|Any CPU.ActiveCfg = Debug|Any CPU
		{5CC6A9CE-AEA4-481F-A49F-0BCEF4269CD0}.Debug|Any CPU.Build.0 = Debug|Any CPU
		{5CC6A9CE-AEA4-481F-A49F-0BCEF4269CD0}.Release|Any CPU.ActiveCfg = Release|Any CPU
		{5CC6A9CE-AEA4-481F-A49F-0BCEF4269CD0}.Release|Any CPU.Build.0 = Release|Any CPU
		{EA1393A1-C339-4FAF-923E-24B6299E4AE7}.Debug|Any CPU.ActiveCfg = Debug|Any CPU
		{EA1393A1-C339-4FAF-923E-24B6299E4AE7}.Debug|Any CPU.Build.0 = Debug|Any CPU
		{EA1393A1-C339-4FAF-923E-24B6299E4AE7}.Release|Any CPU.ActiveCfg = Release|Any CPU
		{EA1393A1-C339-4FAF-923E-24B6299E4AE7}.Release|Any CPU.Build.0 = Release|Any CPU
		{FD484B1F-8026-4D5E-8109-58386A45E6BA}.Debug|Any CPU.ActiveCfg = Debug|Any CPU
		{FD484B1F-8026-4D5E-8109-58386A45E6BA}.Debug|Any CPU.Build.0 = Debug|Any CPU
		{FD484B1F-8026-4D5E-8109-58386A45E6BA}.Release|Any CPU.ActiveCfg = Release|Any CPU
		{FD484B1F-8026-4D5E-8109-58386A45E6BA}.Release|Any CPU.Build.0 = Release|Any CPU
		{352D67F1-44F1-47A1-8A44-1863D3768857}.Debug|Any CPU.ActiveCfg = Debug|Any CPU
		{352D67F1-44F1-47A1-8A44-1863D3768857}.Debug|Any CPU.Build.0 = Debug|Any CPU
		{352D67F1-44F1-47A1-8A44-1863D3768857}.Release|Any CPU.ActiveCfg = Release|Any CPU
		{352D67F1-44F1-47A1-8A44-1863D3768857}.Release|Any CPU.Build.0 = Release|Any CPU
		{69FBBE7F-E9CA-432D-92F1-6971B8BF175F}.Debug|Any CPU.ActiveCfg = Debug|Any CPU
		{69FBBE7F-E9CA-432D-92F1-6971B8BF175F}.Debug|Any CPU.Build.0 = Debug|Any CPU
		{69FBBE7F-E9CA-432D-92F1-6971B8BF175F}.Release|Any CPU.ActiveCfg = Release|Any CPU
		{69FBBE7F-E9CA-432D-92F1-6971B8BF175F}.Release|Any CPU.Build.0 = Release|Any CPU
		{E673D050-C342-4A13-A0CC-035D0A949D35}.Debug|Any CPU.ActiveCfg = Debug|Any CPU
		{E673D050-C342-4A13-A0CC-035D0A949D35}.Debug|Any CPU.Build.0 = Debug|Any CPU
		{E673D050-C342-4A13-A0CC-035D0A949D35}.Release|Any CPU.ActiveCfg = Release|Any CPU
		{E673D050-C342-4A13-A0CC-035D0A949D35}.Release|Any CPU.Build.0 = Release|Any CPU
		{75A5D929-E5BB-4145-925C-C9A6AC477C04}.Debug|Any CPU.ActiveCfg = Debug|Any CPU
		{75A5D929-E5BB-4145-925C-C9A6AC477C04}.Debug|Any CPU.Build.0 = Debug|Any CPU
		{75A5D929-E5BB-4145-925C-C9A6AC477C04}.Release|Any CPU.ActiveCfg = Release|Any CPU
		{75A5D929-E5BB-4145-925C-C9A6AC477C04}.Release|Any CPU.Build.0 = Release|Any CPU
		{89F52D43-3CD5-4D66-BDA0-DBA841E36F33}.Debug|Any CPU.ActiveCfg = Debug|Any CPU
		{89F52D43-3CD5-4D66-BDA0-DBA841E36F33}.Debug|Any CPU.Build.0 = Debug|Any CPU
		{89F52D43-3CD5-4D66-BDA0-DBA841E36F33}.Release|Any CPU.ActiveCfg = Release|Any CPU
		{89F52D43-3CD5-4D66-BDA0-DBA841E36F33}.Release|Any CPU.Build.0 = Release|Any CPU
		{73CB2D98-FDB2-4278-BF2C-E3C98708AE34}.Debug|Any CPU.ActiveCfg = Debug|Any CPU
		{73CB2D98-FDB2-4278-BF2C-E3C98708AE34}.Debug|Any CPU.Build.0 = Debug|Any CPU
		{73CB2D98-FDB2-4278-BF2C-E3C98708AE34}.Release|Any CPU.ActiveCfg = Release|Any CPU
		{73CB2D98-FDB2-4278-BF2C-E3C98708AE34}.Release|Any CPU.Build.0 = Release|Any CPU
	EndGlobalSection
	GlobalSection(SolutionProperties) = preSolution
		HideSolutionNode = FALSE
	EndGlobalSection
	GlobalSection(NestedProjects) = preSolution
		{DCED42F1-8890-4C37-9141-CBE5387EBC3A} = {02EA681E-C7D8-13C7-8484-4AC65E1B71E8}
		{DFA6FDC1-F41E-49D3-B0CC-19D97E49BC31} = {02EA681E-C7D8-13C7-8484-4AC65E1B71E8}
		{F80E6F20-A480-4DFA-BEA3-9678A1ABE96E} = {02EA681E-C7D8-13C7-8484-4AC65E1B71E8}
		{5CC6A9CE-AEA4-481F-A49F-0BCEF4269CD0} = {2FADC771-A5F3-409F-B653-E17AD446BA97}
		{EA1393A1-C339-4FAF-923E-24B6299E4AE7} = {2FADC771-A5F3-409F-B653-E17AD446BA97}
		{FD484B1F-8026-4D5E-8109-58386A45E6BA} = {2FADC771-A5F3-409F-B653-E17AD446BA97}
		{352D67F1-44F1-47A1-8A44-1863D3768857} = {804C79AE-1F3C-4C69-BAE4-1A08AEC2949D}
		{69FBBE7F-E9CA-432D-92F1-6971B8BF175F} = {804C79AE-1F3C-4C69-BAE4-1A08AEC2949D}
		{E673D050-C342-4A13-A0CC-035D0A949D35} = {804C79AE-1F3C-4C69-BAE4-1A08AEC2949D}
		{75A5D929-E5BB-4145-925C-C9A6AC477C04} = {AE3ADAF5-C69D-441F-B249-64AF0172BBAE}
		{89F52D43-3CD5-4D66-BDA0-DBA841E36F33} = {AE3ADAF5-C69D-441F-B249-64AF0172BBAE}
		{73CB2D98-FDB2-4278-BF2C-E3C98708AE34} = {AE3ADAF5-C69D-441F-B249-64AF0172BBAE}
	EndGlobalSection
	GlobalSection(ExtensibilityGlobals) = postSolution
		SolutionGuid = {6CEE6173-58A2-4617-AECC-8B3034B7C8D0}
	EndGlobalSection
EndGlobal
